
Microsoft Visual Studio Solution File, Format Version 12.00
# Visual Studio Version 17
VisualStudioVersion = 17.12.35707.178
MinimumVisualStudioVersion = 10.0.40219.1
Project("{FAE04EC0-301F-11D3-BF4B-00C04F79EFBC}") = "Server.Main", "Server.Main\Server.Main.csproj", "{F5337CC6-E0F9-46F8-8186-903CE863D747}"
EndProject
Project("{FAE04EC0-301F-11D3-BF4B-00C04F79EFBC}") = "Server.Entity", "Server.Entity\Server.Entity.csproj", "{26814E6F-FEFF-48D7-B9E8-98DADCC234BC}"
EndProject
Project("{2150E333-8FDC-42A3-9474-1A3956D46DE8}") = "Server", "Server", "{D3659CBF-4F8D-4312-830F-E0A965457392}"
EndProject
Project("{2150E333-8FDC-42A3-9474-1A3956D46DE8}") = "Tools", "Tools", "{036E64B7-69B8-477F-BF28-C6079BE2627A}"
EndProject
Project("{FAE04EC0-301F-11D3-BF4B-00C04F79EFBC}") = "Fantasy.Tools.ConfigTable", "Fantasy.Tools.ConfigTable\Fantasy.Tools.ConfigTable.csproj", "{14DB11A9-CF98-4FFB-A973-C2FAFB973AD6}"
EndProject
Project("{FAE04EC0-301F-11D3-BF4B-00C04F79EFBC}") = "Fantasy.Tools.NetworkProtocol", "Fantasy.Tools.NetworkProtocol\Fantasy.Tools.NetworkProtocol.csproj", "{92BF269B-B05D-4BAE-B486-5CEA7EC18A01}"
EndProject
Project("{2150E333-8FDC-42A3-9474-1A3956D46DE8}") = "lib", "lib", "{B37DAD04-2D51-4DFD-BE6A-8EF20A611698}"
EndProject
Project("{FAE04EC0-301F-11D3-BF4B-00C04F79EFBC}") = "Fantasy.Net", "Fantasy.Net\Fantasy.Net.csproj", "{DE086B8C-1415-4AB1-8AF4-FA8DAD1AB4B4}"
EndProject
Project("{FAE04EC0-301F-11D3-BF4B-00C04F79EFBC}") = "Fantasy.ConfigTable", "Fantasy.ConfigTable\Net\Fantasy.ConfigTable.csproj", "{4F08C257-2A7F-41C4-ABFC-D9CAF74664EA}"
EndProject
Project("{FAE04EC0-301F-11D3-BF4B-00C04F79EFBC}") = "Fantasy.NLog", "Fantasy.NLog\Fantasy.NLog.csproj", "{4DC89552-A83F-4303-936D-B3CAD9FC8369}"
EndProject
Project("{FAE04EC0-301F-11D3-BF4B-00C04F79EFBC}") = "Server.Hotfix", "Server.Hotfix\Server.Hotfix.csproj", "{1310F40D-5AEF-4F1D-94EE-9A2CAB6AD101}"
EndProject
Global
	GlobalSection(SolutionConfigurationPlatforms) = preSolution
		Debug|Any CPU = Debug|Any CPU
		Release|Any CPU = Release|Any CPU
	EndGlobalSection
	GlobalSection(ProjectConfigurationPlatforms) = postSolution
		{F5337CC6-E0F9-46F8-8186-903CE863D747}.Debug|Any CPU.ActiveCfg = Debug|Any CPU
		{F5337CC6-E0F9-46F8-8186-903CE863D747}.Debug|Any CPU.Build.0 = Debug|Any CPU
		{F5337CC6-E0F9-46F8-8186-903CE863D747}.Release|Any CPU.ActiveCfg = Release|Any CPU
		{F5337CC6-E0F9-46F8-8186-903CE863D747}.Release|Any CPU.Build.0 = Release|Any CPU
		{26814E6F-FEFF-48D7-B9E8-98DADCC234BC}.Debug|Any CPU.ActiveCfg = Debug|Any CPU
		{26814E6F-FEFF-48D7-B9E8-98DADCC234BC}.Debug|Any CPU.Build.0 = Debug|Any CPU
		{26814E6F-FEFF-48D7-B9E8-98DADCC234BC}.Release|Any CPU.ActiveCfg = Release|Any CPU
		{26814E6F-FEFF-48D7-B9E8-98DADCC234BC}.Release|Any CPU.Build.0 = Release|Any CPU
		{14DB11A9-CF98-4FFB-A973-C2FAFB973AD6}.Debug|Any CPU.ActiveCfg = Debug|Any CPU
		{14DB11A9-CF98-4FFB-A973-C2FAFB973AD6}.Debug|Any CPU.Build.0 = Debug|Any CPU
		{14DB11A9-CF98-4FFB-A973-C2FAFB973AD6}.Release|Any CPU.ActiveCfg = Release|Any CPU
		{14DB11A9-CF98-4FFB-A973-C2FAFB973AD6}.Release|Any CPU.Build.0 = Release|Any CPU
		{92BF269B-B05D-4BAE-B486-5CEA7EC18A01}.Debug|Any CPU.ActiveCfg = Debug|Any CPU
		{92BF269B-B05D-4BAE-B486-5CEA7EC18A01}.Debug|Any CPU.Build.0 = Debug|Any CPU
		{92BF269B-B05D-4BAE-B486-5CEA7EC18A01}.Release|Any CPU.ActiveCfg = Release|Any CPU
		{92BF269B-B05D-4BAE-B486-5CEA7EC18A01}.Release|Any CPU.Build.0 = Release|Any CPU
		{DE086B8C-1415-4AB1-8AF4-FA8DAD1AB4B4}.Debug|Any CPU.ActiveCfg = Debug|Any CPU
		{DE086B8C-1415-4AB1-8AF4-FA8DAD1AB4B4}.Debug|Any CPU.Build.0 = Debug|Any CPU
		{DE086B8C-1415-4AB1-8AF4-FA8DAD1AB4B4}.Release|Any CPU.ActiveCfg = Release|Any CPU
		{DE086B8C-1415-4AB1-8AF4-FA8DAD1AB4B4}.Release|Any CPU.Build.0 = Release|Any CPU
		{4F08C257-2A7F-41C4-ABFC-D9CAF74664EA}.Debug|Any CPU.ActiveCfg = Debug|Any CPU
		{4F08C257-2A7F-41C4-ABFC-D9CAF74664EA}.Debug|Any CPU.Build.0 = Debug|Any CPU
		{4F08C257-2A7F-41C4-ABFC-D9CAF74664EA}.Release|Any CPU.ActiveCfg = Release|Any CPU
		{4F08C257-2A7F-41C4-ABFC-D9CAF74664EA}.Release|Any CPU.Build.0 = Release|Any CPU
		{4DC89552-A83F-4303-936D-B3CAD9FC8369}.Debug|Any CPU.ActiveCfg = Debug|Any CPU
		{4DC89552-A83F-4303-936D-B3CAD9FC8369}.Debug|Any CPU.Build.0 = Debug|Any CPU
		{4DC89552-A83F-4303-936D-B3CAD9FC8369}.Release|Any CPU.ActiveCfg = Release|Any CPU
		{4DC89552-A83F-4303-936D-B3CAD9FC8369}.Release|Any CPU.Build.0 = Release|Any CPU
		{1310F40D-5AEF-4F1D-94EE-9A2CAB6AD101}.Debug|Any CPU.ActiveCfg = Debug|Any CPU
		{1310F40D-5AEF-4F1D-94EE-9A2CAB6AD101}.Debug|Any CPU.Build.0 = Debug|Any CPU
		{1310F40D-5AEF-4F1D-94EE-9A2CAB6AD101}.Release|Any CPU.ActiveCfg = Release|Any CPU
		{1310F40D-5AEF-4F1D-94EE-9A2CAB6AD101}.Release|Any CPU.Build.0 = Release|Any CPU
	EndGlobalSection
	GlobalSection(SolutionProperties) = preSolution
		HideSolutionNode = FALSE
	EndGlobalSection
	GlobalSection(NestedProjects) = preSolution
		{F5337CC6-E0F9-46F8-8186-903CE863D747} = {D3659CBF-4F8D-4312-830F-E0A965457392}
		{26814E6F-FEFF-48D7-B9E8-98DADCC234BC} = {D3659CBF-4F8D-4312-830F-E0A965457392}
		{14DB11A9-CF98-4FFB-A973-C2FAFB973AD6} = {036E64B7-69B8-477F-BF28-C6079BE2627A}
		{92BF269B-B05D-4BAE-B486-5CEA7EC18A01} = {036E64B7-69B8-477F-BF28-C6079BE2627A}
		{DE086B8C-1415-4AB1-8AF4-FA8DAD1AB4B4} = {B37DAD04-2D51-4DFD-BE6A-8EF20A611698}
		{4F08C257-2A7F-41C4-ABFC-D9CAF74664EA} = {B37DAD04-2D51-4DFD-BE6A-8EF20A611698}
		{4DC89552-A83F-4303-936D-B3CAD9FC8369} = {B37DAD04-2D51-4DFD-BE6A-8EF20A611698}
		{1310F40D-5AEF-4F1D-94EE-9A2CAB6AD101} = {D3659CBF-4F8D-4312-830F-E0A965457392}
	EndGlobalSection
EndGlobal
